
Microsoft Visual Studio Solution File, Format Version 12.00
# Visual Studio 15
VisualStudioVersion = 15.0.26730.16
MinimumVisualStudioVersion = 10.0.40219.1
Project("{9A19103F-16F7-4668-BE54-9A1E7A4F7556}") = "Console", "Console\Console.csproj", "{9B1F82C2-D921-4BAF-B9A9-1A1F934CA7E3}"
EndProject
Project("{9A19103F-16F7-4668-BE54-9A1E7A4F7556}") = "Console.UnitTests", "Console.UnitTests\Console.UnitTests.csproj", "{FC494415-8661-4D72-A043-140F6F512F87}"
EndProject
Project("{FAE04EC0-301F-11D3-BF4B-00C04F79EFBC}") = "WebApp", "WebApp\WebApp.csproj", "{24D8DC6D-550C-44AE-8C8A-9432E100DD71}"
EndProject
Global
	GlobalSection(SolutionConfigurationPlatforms) = preSolution
		Debug|Any CPU = Debug|Any CPU
		Release|Any CPU = Release|Any CPU
	EndGlobalSection
	GlobalSection(ProjectConfigurationPlatforms) = postSolution
		{9B1F82C2-D921-4BAF-B9A9-1A1F934CA7E3}.Debug|Any CPU.ActiveCfg = Debug|Any CPU
		{9B1F82C2-D921-4BAF-B9A9-1A1F934CA7E3}.Debug|Any CPU.Build.0 = Debug|Any CPU
		{9B1F82C2-D921-4BAF-B9A9-1A1F934CA7E3}.Release|Any CPU.ActiveCfg = Release|Any CPU
		{9B1F82C2-D921-4BAF-B9A9-1A1F934CA7E3}.Release|Any CPU.Build.0 = Release|Any CPU
		{FC494415-8661-4D72-A043-140F6F512F87}.Debug|Any CPU.ActiveCfg = Debug|Any CPU
		{FC494415-8661-4D72-A043-140F6F512F87}.Debug|Any CPU.Build.0 = Debug|Any CPU
		{FC494415-8661-4D72-A043-140F6F512F87}.Release|Any CPU.ActiveCfg = Release|Any CPU
		{FC494415-8661-4D72-A043-140F6F512F87}.Release|Any CPU.Build.0 = Release|Any CPU
		{24D8DC6D-550C-44AE-8C8A-9432E100DD71}.Debug|Any CPU.ActiveCfg = Debug|Any CPU
		{24D8DC6D-550C-44AE-8C8A-9432E100DD71}.Debug|Any CPU.Build.0 = Debug|Any CPU
		{24D8DC6D-550C-44AE-8C8A-9432E100DD71}.Release|Any CPU.ActiveCfg = Release|Any CPU
		{24D8DC6D-550C-44AE-8C8A-9432E100DD71}.Release|Any CPU.Build.0 = Release|Any CPU
	EndGlobalSection
	GlobalSection(SolutionProperties) = preSolution
		HideSolutionNode = FALSE
	EndGlobalSection
	GlobalSection(ExtensibilityGlobals) = postSolution
		SolutionGuid = {E8147F2F-70C1-4A61-B5DA-C5C8CBD605FC}
	EndGlobalSection
EndGlobal
